
Microsoft Visual Studio Solution File, Format Version 12.00
# Visual Studio 14
VisualStudioVersion = 14.0.25420.1
MinimumVisualStudioVersion = 10.0.40219.1
Project("{A07B5EB6-E848-4116-A8D0-A826331D98C6}") = "EventSourcing", "EventSourcing\EventSourcing.sfproj", "{3CA444D3-03F6-4E5B-9FDA-B87129BE55A5}"
EndProject
Project("{FAE04EC0-301F-11D3-BF4B-00C04F79EFBC}") = "CommerceService", "CommerceService\CommerceService.csproj", "{CE45444A-CAF6-48B1-B4CB-6E0C9E01259B}"
EndProject
Global
	GlobalSection(SolutionConfigurationPlatforms) = preSolution
		Debug|x64 = Debug|x64
		Release|x64 = Release|x64
	EndGlobalSection
	GlobalSection(ProjectConfigurationPlatforms) = postSolution
		{3CA444D3-03F6-4E5B-9FDA-B87129BE55A5}.Debug|x64.ActiveCfg = Debug|x64
		{3CA444D3-03F6-4E5B-9FDA-B87129BE55A5}.Debug|x64.Build.0 = Debug|x64
		{3CA444D3-03F6-4E5B-9FDA-B87129BE55A5}.Debug|x64.Deploy.0 = Debug|x64
		{3CA444D3-03F6-4E5B-9FDA-B87129BE55A5}.Release|x64.ActiveCfg = Release|x64
		{3CA444D3-03F6-4E5B-9FDA-B87129BE55A5}.Release|x64.Build.0 = Release|x64
		{3CA444D3-03F6-4E5B-9FDA-B87129BE55A5}.Release|x64.Deploy.0 = Release|x64
		{CE45444A-CAF6-48B1-B4CB-6E0C9E01259B}.Debug|x64.ActiveCfg = Debug|x64
		{CE45444A-CAF6-48B1-B4CB-6E0C9E01259B}.Debug|x64.Build.0 = Debug|x64
		{CE45444A-CAF6-48B1-B4CB-6E0C9E01259B}.Release|x64.ActiveCfg = Release|x64
		{CE45444A-CAF6-48B1-B4CB-6E0C9E01259B}.Release|x64.Build.0 = Release|x64
	EndGlobalSection
	GlobalSection(SolutionProperties) = preSolution
		HideSolutionNode = FALSE
	EndGlobalSection
EndGlobal
